
Microsoft Visual Studio Solution File, Format Version 12.00
# Visual Studio Version 17
VisualStudioVersion = 17.0.31903.59
MinimumVisualStudioVersion = 10.0.40219.1
Project("{FAE04EC0-301F-11D3-BF4B-00C04F79EFBC}") = "Listenarr.Api", "listenarr.api\Listenarr.Api.csproj", "{1C892663-9C46-43E2-B4D1-289374D2ED32}"
EndProject
Project("{2150E333-8FDC-42A3-9474-1A3956D46DE8}") = "tests", "tests", "{8146ED9E-278A-4A6B-AD24-975E7794BEBD}"
EndProject
Project("{FAE04EC0-301F-11D3-BF4B-00C04F79EFBC}") = "Listenarr.Api.Tests", "tests\Listenarr.Api.Tests\Listenarr.Api.Tests.csproj", "{F26A9ED2-51F1-40DE-933B-9883F69D705E}"
EndProject
Project("{2150E333-8FDC-42A3-9474-1A3956D46DE8}") = "listenarr.domain", "listenarr.domain", "{511AAB8F-B59D-5DA7-DDE1-3782FB5FA288}"
EndProject
Project("{FAE04EC0-301F-11D3-BF4B-00C04F79EFBC}") = "Listenarr.Domain", "listenarr.domain\Listenarr.Domain.csproj", "{1CCBB65A-0A7F-4472-9270-6091B16A8C24}"
EndProject
Project("{2150E333-8FDC-42A3-9474-1A3956D46DE8}") = "listenarr.application", "listenarr.application", "{0300D32D-2034-42B8-FD7F-70B6C1A4D451}"
EndProject
Project("{FAE04EC0-301F-11D3-BF4B-00C04F79EFBC}") = "Listenarr.Application", "listenarr.application\Listenarr.Application.csproj", "{205AC1D3-8101-4383-90FC-CF32E40301F6}"
EndProject
Project("{2150E333-8FDC-42A3-9474-1A3956D46DE8}") = "listenarr.infrastructure", "listenarr.infrastructure", "{47215C3E-2535-968B-D2E3-6643C2133647}"
EndProject
Project("{FAE04EC0-301F-11D3-BF4B-00C04F79EFBC}") = "Listenarr.Infrastructure", "listenarr.infrastructure\Listenarr.Infrastructure.csproj", "{D7B2F561-2A68-4BA4-ADBD-5C8BD1AAB8EC}"
EndProject
Global
	GlobalSection(SolutionConfigurationPlatforms) = preSolution
		Debug|Any CPU = Debug|Any CPU
		Debug|x64 = Debug|x64
		Debug|x86 = Debug|x86
		Release|Any CPU = Release|Any CPU
		Release|x64 = Release|x64
		Release|x86 = Release|x86
	EndGlobalSection
	GlobalSection(ProjectConfigurationPlatforms) = postSolution
		{1C892663-9C46-43E2-B4D1-289374D2ED32}.Debug|Any CPU.ActiveCfg = Debug|Any CPU
		{1C892663-9C46-43E2-B4D1-289374D2ED32}.Debug|Any CPU.Build.0 = Debug|Any CPU
		{1C892663-9C46-43E2-B4D1-289374D2ED32}.Debug|x64.ActiveCfg = Debug|Any CPU
		{1C892663-9C46-43E2-B4D1-289374D2ED32}.Debug|x64.Build.0 = Debug|Any CPU
		{1C892663-9C46-43E2-B4D1-289374D2ED32}.Debug|x86.ActiveCfg = Debug|Any CPU
		{1C892663-9C46-43E2-B4D1-289374D2ED32}.Debug|x86.Build.0 = Debug|Any CPU
		{1C892663-9C46-43E2-B4D1-289374D2ED32}.Release|Any CPU.ActiveCfg = Release|Any CPU
		{1C892663-9C46-43E2-B4D1-289374D2ED32}.Release|Any CPU.Build.0 = Release|Any CPU
		{1C892663-9C46-43E2-B4D1-289374D2ED32}.Release|x64.ActiveCfg = Release|Any CPU
		{1C892663-9C46-43E2-B4D1-289374D2ED32}.Release|x64.Build.0 = Release|Any CPU
		{1C892663-9C46-43E2-B4D1-289374D2ED32}.Release|x86.ActiveCfg = Release|Any CPU
		{1C892663-9C46-43E2-B4D1-289374D2ED32}.Release|x86.Build.0 = Release|Any CPU
		{F26A9ED2-51F1-40DE-933B-9883F69D705E}.Debug|Any CPU.ActiveCfg = Debug|Any CPU
		{F26A9ED2-51F1-40DE-933B-9883F69D705E}.Debug|Any CPU.Build.0 = Debug|Any CPU
		{F26A9ED2-51F1-40DE-933B-9883F69D705E}.Debug|x64.ActiveCfg = Debug|Any CPU
		{F26A9ED2-51F1-40DE-933B-9883F69D705E}.Debug|x64.Build.0 = Debug|Any CPU
		{F26A9ED2-51F1-40DE-933B-9883F69D705E}.Debug|x86.ActiveCfg = Debug|Any CPU
		{F26A9ED2-51F1-40DE-933B-9883F69D705E}.Debug|x86.Build.0 = Debug|Any CPU
		{F26A9ED2-51F1-40DE-933B-9883F69D705E}.Release|Any CPU.ActiveCfg = Release|Any CPU
		{F26A9ED2-51F1-40DE-933B-9883F69D705E}.Release|Any CPU.Build.0 = Release|Any CPU
		{F26A9ED2-51F1-40DE-933B-9883F69D705E}.Release|x64.ActiveCfg = Release|Any CPU
		{F26A9ED2-51F1-40DE-933B-9883F69D705E}.Release|x64.Build.0 = Release|Any CPU
		{F26A9ED2-51F1-40DE-933B-9883F69D705E}.Release|x86.ActiveCfg = Release|Any CPU
		{F26A9ED2-51F1-40DE-933B-9883F69D705E}.Release|x86.Build.0 = Release|Any CPU
		{1CCBB65A-0A7F-4472-9270-6091B16A8C24}.Debug|Any CPU.ActiveCfg = Debug|Any CPU
		{1CCBB65A-0A7F-4472-9270-6091B16A8C24}.Debug|Any CPU.Build.0 = Debug|Any CPU
		{1CCBB65A-0A7F-4472-9270-6091B16A8C24}.Debug|x64.ActiveCfg = Debug|Any CPU
		{1CCBB65A-0A7F-4472-9270-6091B16A8C24}.Debug|x64.Build.0 = Debug|Any CPU
		{1CCBB65A-0A7F-4472-9270-6091B16A8C24}.Debug|x86.ActiveCfg = Debug|Any CPU
		{1CCBB65A-0A7F-4472-9270-6091B16A8C24}.Debug|x86.Build.0 = Debug|Any CPU
		{1CCBB65A-0A7F-4472-9270-6091B16A8C24}.Release|Any CPU.ActiveCfg = Release|Any CPU
		{1CCBB65A-0A7F-4472-9270-6091B16A8C24}.Release|Any CPU.Build.0 = Release|Any CPU
		{1CCBB65A-0A7F-4472-9270-6091B16A8C24}.Release|x64.ActiveCfg = Release|Any CPU
		{1CCBB65A-0A7F-4472-9270-6091B16A8C24}.Release|x64.Build.0 = Release|Any CPU
		{1CCBB65A-0A7F-4472-9270-6091B16A8C24}.Release|x86.ActiveCfg = Release|Any CPU
		{1CCBB65A-0A7F-4472-9270-6091B16A8C24}.Release|x86.Build.0 = Release|Any CPU
		{205AC1D3-8101-4383-90FC-CF32E40301F6}.Debug|Any CPU.ActiveCfg = Debug|Any CPU
		{205AC1D3-8101-4383-90FC-CF32E40301F6}.Debug|Any CPU.Build.0 = Debug|Any CPU
		{205AC1D3-8101-4383-90FC-CF32E40301F6}.Debug|x64.ActiveCfg = Debug|Any CPU
		{205AC1D3-8101-4383-90FC-CF32E40301F6}.Debug|x64.Build.0 = Debug|Any CPU
		{205AC1D3-8101-4383-90FC-CF32E40301F6}.Debug|x86.ActiveCfg = Debug|Any CPU
		{205AC1D3-8101-4383-90FC-CF32E40301F6}.Debug|x86.Build.0 = Debug|Any CPU
		{205AC1D3-8101-4383-90FC-CF32E40301F6}.Release|Any CPU.ActiveCfg = Release|Any CPU
		{205AC1D3-8101-4383-90FC-CF32E40301F6}.Release|Any CPU.Build.0 = Release|Any CPU
		{205AC1D3-8101-4383-90FC-CF32E40301F6}.Release|x64.ActiveCfg = Release|Any CPU
		{205AC1D3-8101-4383-90FC-CF32E40301F6}.Release|x64.Build.0 = Release|Any CPU
		{205AC1D3-8101-4383-90FC-CF32E40301F6}.Release|x86.ActiveCfg = Release|Any CPU
		{205AC1D3-8101-4383-90FC-CF32E40301F6}.Release|x86.Build.0 = Release|Any CPU
		{D7B2F561-2A68-4BA4-ADBD-5C8BD1AAB8EC}.Debug|Any CPU.ActiveCfg = Debug|Any CPU
		{D7B2F561-2A68-4BA4-ADBD-5C8BD1AAB8EC}.Debug|Any CPU.Build.0 = Debug|Any CPU
		{D7B2F561-2A68-4BA4-ADBD-5C8BD1AAB8EC}.Debug|x64.ActiveCfg = Debug|Any CPU
		{D7B2F561-2A68-4BA4-ADBD-5C8BD1AAB8EC}.Debug|x64.Build.0 = Debug|Any CPU
		{D7B2F561-2A68-4BA4-ADBD-5C8BD1AAB8EC}.Debug|x86.ActiveCfg = Debug|Any CPU
		{D7B2F561-2A68-4BA4-ADBD-5C8BD1AAB8EC}.Debug|x86.Build.0 = Debug|Any CPU
		{D7B2F561-2A68-4BA4-ADBD-5C8BD1AAB8EC}.Release|Any CPU.ActiveCfg = Release|Any CPU
		{D7B2F561-2A68-4BA4-ADBD-5C8BD1AAB8EC}.Release|Any CPU.Build.0 = Release|Any CPU
		{D7B2F561-2A68-4BA4-ADBD-5C8BD1AAB8EC}.Release|x64.ActiveCfg = Release|Any CPU
		{D7B2F561-2A68-4BA4-ADBD-5C8BD1AAB8EC}.Release|x64.Build.0 = Release|Any CPU
		{D7B2F561-2A68-4BA4-ADBD-5C8BD1AAB8EC}.Release|x86.ActiveCfg = Release|Any CPU
		{D7B2F561-2A68-4BA4-ADBD-5C8BD1AAB8EC}.Release|x86.Build.0 = Release|Any CPU
	EndGlobalSection
	GlobalSection(SolutionProperties) = preSolution
		HideSolutionNode = FALSE
	EndGlobalSection
	GlobalSection(NestedProjects) = preSolution
		{F26A9ED2-51F1-40DE-933B-9883F69D705E} = {8146ED9E-278A-4A6B-AD24-975E7794BEBD}
		{1CCBB65A-0A7F-4472-9270-6091B16A8C24} = {511AAB8F-B59D-5DA7-DDE1-3782FB5FA288}
		{205AC1D3-8101-4383-90FC-CF32E40301F6} = {0300D32D-2034-42B8-FD7F-70B6C1A4D451}
		{D7B2F561-2A68-4BA4-ADBD-5C8BD1AAB8EC} = {47215C3E-2535-968B-D2E3-6643C2133647}
	EndGlobalSection
EndGlobal
